
Microsoft Visual Studio Solution File, Format Version 12.00
# Visual Studio Version 17
VisualStudioVersion = 17.8.34511.84
MinimumVisualStudioVersion = 10.0.40219.1
Project("{FAE04EC0-301F-11D3-BF4B-00C04F79EFBC}") = "Albergo", "Albergo\Albergo.csproj", "{B510E16F-E809-4547-A8C5-E0813F47751B}"
EndProject
Global
	GlobalSection(SolutionConfigurationPlatforms) = preSolution
		Debug|Any CPU = Debug|Any CPU
		Release|Any CPU = Release|Any CPU
	EndGlobalSection
	GlobalSection(ProjectConfigurationPlatforms) = postSolution
		{B510E16F-E809-4547-A8C5-E0813F47751B}.Debug|Any CPU.ActiveCfg = Debug|Any CPU
		{B510E16F-E809-4547-A8C5-E0813F47751B}.Debug|Any CPU.Build.0 = Debug|Any CPU
		{B510E16F-E809-4547-A8C5-E0813F47751B}.Release|Any CPU.ActiveCfg = Release|Any CPU
		{B510E16F-E809-4547-A8C5-E0813F47751B}.Release|Any CPU.Build.0 = Release|Any CPU
	EndGlobalSection
	GlobalSection(SolutionProperties) = preSolution
		HideSolutionNode = FALSE
	EndGlobalSection
	GlobalSection(ExtensibilityGlobals) = postSolution
		SolutionGuid = {63243B2D-05B6-4BC0-BDE3-3D2DC953DE2F}
	EndGlobalSection
EndGlobal
